// !$*UTF8*$!
{
	archiveVersion = 1;
	classes = {
	};
	objectVersion = 48;
	objects = {

/* Begin PBXBuildFile section */
		5C711A87E2E7F958CB4311BD /* Pods_Pager_Example.framework in Frameworks */ = {isa = PBXBuildFile; fileRef = CC0DDF7F25546EE64B6F1813 /* Pods_Pager_Example.framework */; };
		950236452034A7C5008838D7 /* AppDelegate.swift in Sources */ = {isa = PBXBuildFile; fileRef = 950236442034A7C5008838D7 /* AppDelegate.swift */; };
		950236472034A7C5008838D7 /* ViewController.swift in Sources */ = {isa = PBXBuildFile; fileRef = 950236462034A7C5008838D7 /* ViewController.swift */; };
		9502364A2034A7C5008838D7 /* Main.storyboard in Resources */ = {isa = PBXBuildFile; fileRef = 950236482034A7C5008838D7 /* Main.storyboard */; };
		9502364C2034A7C5008838D7 /* Assets.xcassets in Resources */ = {isa = PBXBuildFile; fileRef = 9502364B2034A7C5008838D7 /* Assets.xcassets */; };
		9502364F2034A7C5008838D7 /* LaunchScreen.storyboard in Resources */ = {isa = PBXBuildFile; fileRef = 9502364D2034A7C5008838D7 /* LaunchScreen.storyboard */; };
		9542069621EB9A6D00EA3675 /* ShoppingListVC.swift in Sources */ = {isa = PBXBuildFile; fileRef = 9542069521EB9A6D00EA3675 /* ShoppingListVC.swift */; };
		9581975E21EB9E8E00C747CB /* FlatColor.swift in Sources */ = {isa = PBXBuildFile; fileRef = 9581975D21EB9E8E00C747CB /* FlatColor.swift */; };
		959E271B205BAA6300F75CDC /* PageViewController.swift in Sources */ = {isa = PBXBuildFile; fileRef = 959E271A205BAA6300F75CDC /* PageViewController.swift */; };
/* End PBXBuildFile section */

/* Begin PBXFileReference section */
		38CB830A3FF548324DA8018D /* Pods-Pager-Example.release.xcconfig */ = {isa = PBXFileReference; includeInIndex = 1; lastKnownFileType = text.xcconfig; name = "Pods-Pager-Example.release.xcconfig"; path = "Pods/Target Support Files/Pods-Pager-Example/Pods-Pager-Example.release.xcconfig"; sourceTree = "<group>"; };
		950236412034A7C5008838D7 /* Pager-Example.app */ = {isa = PBXFileReference; explicitFileType = wrapper.application; includeInIndex = 0; path = "Pager-Example.app"; sourceTree = BUILT_PRODUCTS_DIR; };
		950236442034A7C5008838D7 /* AppDelegate.swift */ = {isa = PBXFileReference; lastKnownFileType = sourcecode.swift; path = AppDelegate.swift; sourceTree = "<group>"; };
		950236462034A7C5008838D7 /* ViewController.swift */ = {isa = PBXFileReference; lastKnownFileType = sourcecode.swift; path = ViewController.swift; sourceTree = "<group>"; };
		950236492034A7C5008838D7 /* Base */ = {isa = PBXFileReference; lastKnownFileType = file.storyboard; name = Base; path = Base.lproj/Main.storyboard; sourceTree = "<group>"; };
		9502364B2034A7C5008838D7 /* Assets.xcassets */ = {isa = PBXFileReference; lastKnownFileType = folder.assetcatalog; path = Assets.xcassets; sourceTree = "<group>"; };
		9502364E2034A7C5008838D7 /* Base */ = {isa = PBXFileReference; lastKnownFileType = file.storyboard; name = Base; path = Base.lproj/LaunchScreen.storyboard; sourceTree = "<group>"; };
		950236502034A7C5008838D7 /* Info.plist */ = {isa = PBXFileReference; lastKnownFileType = text.plist.xml; path = Info.plist; sourceTree = "<group>"; };
		9542069521EB9A6D00EA3675 /* ShoppingListVC.swift */ = {isa = PBXFileReference; lastKnownFileType = sourcecode.swift; path = ShoppingListVC.swift; sourceTree = "<group>"; };
		9581975D21EB9E8E00C747CB /* FlatColor.swift */ = {isa = PBXFileReference; lastKnownFileType = sourcecode.swift; path = FlatColor.swift; sourceTree = "<group>"; };
		959E271A205BAA6300F75CDC /* PageViewController.swift */ = {isa = PBXFileReference; lastKnownFileType = sourcecode.swift; path = PageViewController.swift; sourceTree = "<group>"; };
		CC0DDF7F25546EE64B6F1813 /* Pods_Pager_Example.framework */ = {isa = PBXFileReference; explicitFileType = wrapper.framework; includeInIndex = 0; path = Pods_Pager_Example.framework; sourceTree = BUILT_PRODUCTS_DIR; };
		E383B708D0436716A33EB76D /* Pods-Pager-Example.debug.xcconfig */ = {isa = PBXFileReference; includeInIndex = 1; lastKnownFileType = text.xcconfig; name = "Pods-Pager-Example.debug.xcconfig"; path = "Pods/Target Support Files/Pods-Pager-Example/Pods-Pager-Example.debug.xcconfig"; sourceTree = "<group>"; };
/* End PBXFileReference section */

/* Begin PBXFrameworksBuildPhase section */
		9502363E2034A7C5008838D7 /* Frameworks */ = {
			isa = PBXFrameworksBuildPhase;
			buildActionMask = 2147483647;
			files = (
				5C711A87E2E7F958CB4311BD /* Pods_Pager_Example.framework in Frameworks */,
			);
			runOnlyForDeploymentPostprocessing = 0;
		};
/* End PBXFrameworksBuildPhase section */

/* Begin PBXGroup section */
		950236382034A7C5008838D7 = {
			isa = PBXGroup;
			children = (
				950236432034A7C5008838D7 /* Pager-Example */,
				950236422034A7C5008838D7 /* Products */,
				B1A3C6063DD824A6757078CC /* Pods */,
				A45A4BC8187870EAB26D2989 /* Frameworks */,
			);
			sourceTree = "<group>";
		};
		950236422034A7C5008838D7 /* Products */ = {
			isa = PBXGroup;
			children = (
				950236412034A7C5008838D7 /* Pager-Example.app */,
			);
			name = Products;
			sourceTree = "<group>";
		};
		950236432034A7C5008838D7 /* Pager-Example */ = {
			isa = PBXGroup;
			children = (
				9581975C21EB9E5C00C747CB /* Utility */,
				9542069321EB9A2700EA3675 /* ViewControllers */,
				959E271A205BAA6300F75CDC /* PageViewController.swift */,
				950236442034A7C5008838D7 /* AppDelegate.swift */,
				950236462034A7C5008838D7 /* ViewController.swift */,
				950236482034A7C5008838D7 /* Main.storyboard */,
				9502364B2034A7C5008838D7 /* Assets.xcassets */,
				9502364D2034A7C5008838D7 /* LaunchScreen.storyboard */,
				950236502034A7C5008838D7 /* Info.plist */,
			);
			path = "Pager-Example";
			sourceTree = "<group>";
		};
		9542069321EB9A2700EA3675 /* ViewControllers */ = {
			isa = PBXGroup;
			children = (
				9542069421EB9A3E00EA3675 /* Table */,
			);
			path = ViewControllers;
			sourceTree = "<group>";
		};
		9542069421EB9A3E00EA3675 /* Table */ = {
			isa = PBXGroup;
			children = (
				9542069521EB9A6D00EA3675 /* ShoppingListVC.swift */,
			);
			path = Table;
			sourceTree = "<group>";
		};
		9581975C21EB9E5C00C747CB /* Utility */ = {
			isa = PBXGroup;
			children = (
				9581975D21EB9E8E00C747CB /* FlatColor.swift */,
			);
			path = Utility;
			sourceTree = "<group>";
		};
		A45A4BC8187870EAB26D2989 /* Frameworks */ = {
			isa = PBXGroup;
			children = (
				CC0DDF7F25546EE64B6F1813 /* Pods_Pager_Example.framework */,
			);
			name = Frameworks;
			sourceTree = "<group>";
		};
		B1A3C6063DD824A6757078CC /* Pods */ = {
			isa = PBXGroup;
			children = (
				E383B708D0436716A33EB76D /* Pods-Pager-Example.debug.xcconfig */,
				38CB830A3FF548324DA8018D /* Pods-Pager-Example.release.xcconfig */,
			);
			name = Pods;
			sourceTree = "<group>";
		};
/* End PBXGroup section */

/* Begin PBXNativeTarget section */
		950236402034A7C5008838D7 /* Pager-Example */ = {
			isa = PBXNativeTarget;
			buildConfigurationList = 950236532034A7C5008838D7 /* Build configuration list for PBXNativeTarget "Pager-Example" */;
			buildPhases = (
				B147A20DEF6C804EE73ED232 /* [CP] Check Pods Manifest.lock */,
				9502363D2034A7C5008838D7 /* Sources */,
				9502363E2034A7C5008838D7 /* Frameworks */,
				9502363F2034A7C5008838D7 /* Resources */,
				76FEC57E88FA8754D4054EA1 /* [CP] Embed Pods Frameworks */,
			);
			buildRules = (
			);
			dependencies = (
			);
			name = "Pager-Example";
			productName = "Pager-Example";
			productReference = 950236412034A7C5008838D7 /* Pager-Example.app */;
			productType = "com.apple.product-type.application";
		};
/* End PBXNativeTarget section */

/* Begin PBXProject section */
		950236392034A7C5008838D7 /* Project object */ = {
			isa = PBXProject;
			attributes = {
				LastSwiftUpdateCheck = 0920;
				LastUpgradeCheck = 0920;
				ORGANIZATIONNAME = "Matteo Battistini";
				TargetAttributes = {
					950236402034A7C5008838D7 = {
						CreatedOnToolsVersion = 9.2;
						LastSwiftMigration = 1000;
						ProvisioningStyle = Automatic;
					};
				};
			};
			buildConfigurationList = 9502363C2034A7C5008838D7 /* Build configuration list for PBXProject "Pager-Example" */;
			compatibilityVersion = "Xcode 8.0";
			developmentRegion = en;
			hasScannedForEncodings = 0;
			knownRegions = (
				en,
				Base,
			);
			mainGroup = 950236382034A7C5008838D7;
			productRefGroup = 950236422034A7C5008838D7 /* Products */;
			projectDirPath = "";
			projectRoot = "";
			targets = (
				950236402034A7C5008838D7 /* Pager-Example */,
			);
		};
/* End PBXProject section */

/* Begin PBXResourcesBuildPhase section */
		9502363F2034A7C5008838D7 /* Resources */ = {
			isa = PBXResourcesBuildPhase;
			buildActionMask = 2147483647;
			files = (
				9502364F2034A7C5008838D7 /* LaunchScreen.storyboard in Resources */,
				9502364C2034A7C5008838D7 /* Assets.xcassets in Resources */,
				9502364A2034A7C5008838D7 /* Main.storyboard in Resources */,
			);
			runOnlyForDeploymentPostprocessing = 0;
		};
/* End PBXResourcesBuildPhase section */

/* Begin PBXShellScriptBuildPhase section */
		76FEC57E88FA8754D4054EA1 /* [CP] Embed Pods Frameworks */ = {
			isa = PBXShellScriptBuildPhase;
			buildActionMask = 2147483647;
			files = (
			);
			inputPaths = (
				"${SRCROOT}/Pods/Target Support Files/Pods-Pager-Example/Pods-Pager-Example-frameworks.sh",
				"${BUILT_PRODUCTS_DIR}/PagerTab/PagerTab.framework",
			);
			name = "[CP] Embed Pods Frameworks";
			outputPaths = (
				"${TARGET_BUILD_DIR}/${FRAMEWORKS_FOLDER_PATH}/PagerTab.framework",
			);
			runOnlyForDeploymentPostprocessing = 0;
			shellPath = /bin/sh;
			shellScript = "\"${SRCROOT}/Pods/Target Support Files/Pods-Pager-Example/Pods-Pager-Example-frameworks.sh\"\n";
			showEnvVarsInLog = 0;
		};
		B147A20DEF6C804EE73ED232 /* [CP] Check Pods Manifest.lock */ = {
			isa = PBXShellScriptBuildPhase;
			buildActionMask = 2147483647;
			files = (
			);
			inputPaths = (
				"${PODS_PODFILE_DIR_PATH}/Podfile.lock",
				"${PODS_ROOT}/Manifest.lock",
			);
			name = "[CP] Check Pods Manifest.lock";
			outputPaths = (
				"$(DERIVED_FILE_DIR)/Pods-Pager-Example-checkManifestLockResult.txt",
			);
			runOnlyForDeploymentPostprocessing = 0;
			shellPath = /bin/sh;
			shellScript = "diff \"${PODS_PODFILE_DIR_PATH}/Podfile.lock\" \"${PODS_ROOT}/Manifest.lock\" > /dev/null\nif [ $? != 0 ] ; then\n    # print error to STDERR\n    echo \"error: The sandbox is not in sync with the Podfile.lock. Run 'pod install' or update your CocoaPods installation.\" >&2\n    exit 1\nfi\n# This output is used by Xcode 'outputs' to avoid re-running this script phase.\necho \"SUCCESS\" > \"${SCRIPT_OUTPUT_FILE_0}\"\n";
			showEnvVarsInLog = 0;
		};
/* End PBXShellScriptBuildPhase section */

/* Begin PBXSourcesBuildPhase section */
		9502363D2034A7C5008838D7 /* Sources */ = {
			isa = PBXSourcesBuildPhase;
			buildActionMask = 2147483647;
			files = (
				9542069621EB9A6D00EA3675 /* ShoppingListVC.swift in Sources */,
				9581975E21EB9E8E00C747CB /* FlatColor.swift in Sources */,
				959E271B205BAA6300F75CDC /* PageViewController.swift in Sources */,
				950236472034A7C5008838D7 /* ViewController.swift in Sources */,
				950236452034A7C5008838D7 /* AppDelegate.swift in Sources */,
			);
			runOnlyForDeploymentPostprocessing = 0;
		};
/* End PBXSourcesBuildPhase section */

/* Begin PBXVariantGroup section */
		950236482034A7C5008838D7 /* Main.storyboard */ = {
			isa = PBXVariantGroup;
			children = (
				950236492034A7C5008838D7 /* Base */,
			);
			name = Main.storyboard;
			sourceTree = "<group>";
		};
		9502364D2034A7C5008838D7 /* LaunchScreen.storyboard */ = {
			isa = PBXVariantGroup;
			children = (
				9502364E2034A7C5008838D7 /* Base */,
			);
			name = LaunchScreen.storyboard;
			sourceTree = "<group>";
		};
/* End PBXVariantGroup section */

/* Begin XCBuildConfiguration section */
		950236512034A7C5008838D7 /* Debug */ = {
			isa = XCBuildConfiguration;
			buildSettings = {
				ALWAYS_SEARCH_USER_PATHS = NO;
				CLANG_ANALYZER_NONNULL = YES;
				CLANG_ANALYZER_NUMBER_OBJECT_CONVERSION = YES_AGGRESSIVE;
				CLANG_CXX_LANGUAGE_STANDARD = "gnu++14";
				CLANG_CXX_LIBRARY = "libc++";
				CLANG_ENABLE_MODULES = YES;
				CLANG_ENABLE_OBJC_ARC = YES;
				CLANG_WARN_BLOCK_CAPTURE_AUTORELEASING = YES;
				CLANG_WARN_BOOL_CONVERSION = YES;
				CLANG_WARN_COMMA = YES;
				CLANG_WARN_CONSTANT_CONVERSION = YES;
				CLANG_WARN_DIRECT_OBJC_ISA_USAGE = YES_ERROR;
				CLANG_WARN_DOCUMENTATION_COMMENTS = YES;
				CLANG_WARN_EMPTY_BODY = YES;
				CLANG_WARN_ENUM_CONVERSION = YES;
				CLANG_WARN_INFINITE_RECURSION = YES;
				CLANG_WARN_INT_CONVERSION = YES;
				CLANG_WARN_NON_LITERAL_NULL_CONVERSION = YES;
				CLANG_WARN_OBJC_LITERAL_CONVERSION = YES;
				CLANG_WARN_OBJC_ROOT_CLASS = YES_ERROR;
				CLANG_WARN_RANGE_LOOP_ANALYSIS = YES;
				CLANG_WARN_STRICT_PROTOTYPES = YES;
				CLANG_WARN_SUSPICIOUS_MOVE = YES;
				CLANG_WARN_UNGUARDED_AVAILABILITY = YES_AGGRESSIVE;
				CLANG_WARN_UNREACHABLE_CODE = YES;
				CLANG_WARN__DUPLICATE_METHOD_MATCH = YES;
				CODE_SIGN_IDENTITY = "iPhone Developer";
				COPY_PHASE_STRIP = NO;
				DEBUG_INFORMATION_FORMAT = dwarf;
				ENABLE_STRICT_OBJC_MSGSEND = YES;
				ENABLE_TESTABILITY = YES;
				GCC_C_LANGUAGE_STANDARD = gnu11;
				GCC_DYNAMIC_NO_PIC = NO;
				GCC_NO_COMMON_BLOCKS = YES;
				GCC_OPTIMIZATION_LEVEL = 0;
				GCC_PREPROCESSOR_DEFINITIONS = (
					"DEBUG=1",
					"$(inherited)",
				);
				GCC_WARN_64_TO_32_BIT_CONVERSION = YES;
				GCC_WARN_ABOUT_RETURN_TYPE = YES_ERROR;
				GCC_WARN_UNDECLARED_SELECTOR = YES;
				GCC_WARN_UNINITIALIZED_AUTOS = YES_AGGRESSIVE;
				GCC_WARN_UNUSED_FUNCTION = YES;
				GCC_WARN_UNUSED_VARIABLE = YES;
				IPHONEOS_DEPLOYMENT_TARGET = 11.2;
				MTL_ENABLE_DEBUG_INFO = YES;
				ONLY_ACTIVE_ARCH = YES;
				SDKROOT = iphoneos;
				SWIFT_ACTIVE_COMPILATION_CONDITIONS = DEBUG;
				SWIFT_OPTIMIZATION_LEVEL = "-Onone";
			};
			name = Debug;
		};
		950236522034A7C5008838D7 /* Release */ = {
			isa = XCBuildConfiguration;
			buildSettings = {
				ALWAYS_SEARCH_USER_PATHS = NO;
				CLANG_ANALYZER_NONNULL = YES;
				CLANG_ANALYZER_NUMBER_OBJECT_CONVERSION = YES_AGGRESSIVE;
				CLANG_CXX_LANGUAGE_STANDARD = "gnu++14";
				CLANG_CXX_LIBRARY = "libc++";
				CLANG_ENABLE_MODULES = YES;
				CLANG_ENABLE_OBJC_ARC = YES;
				CLANG_WARN_BLOCK_CAPTURE_AUTORELEASING = YES;
				CLANG_WARN_BOOL_CONVERSION = YES;
				CLANG_WARN_COMMA = YES;
				CLANG_WARN_CONSTANT_CONVERSION = YES;
				CLANG_WARN_DIRECT_OBJC_ISA_USAGE = YES_ERROR;
				CLANG_WARN_DOCUMENTATION_COMMENTS = YES;
				CLANG_WARN_EMPTY_BODY = YES;
				CLANG_WARN_ENUM_CONVERSION = YES;
				CLANG_WARN_INFINITE_RECURSION = YES;
				CLANG_WARN_INT_CONVERSION = YES;
				CLANG_WARN_NON_LITERAL_NULL_CONVERSION = YES;
				CLANG_WARN_OBJC_LITERAL_CONVERSION = YES;
				CLANG_WARN_OBJC_ROOT_CLASS = YES_ERROR;
				CLANG_WARN_RANGE_LOOP_ANALYSIS = YES;
				CLANG_WARN_STRICT_PROTOTYPES = YES;
				CLANG_WARN_SUSPICIOUS_MOVE = YES;
				CLANG_WARN_UNGUARDED_AVAILABILITY = YES_AGGRESSIVE;
				CLANG_WARN_UNREACHABLE_CODE = YES;
				CLANG_WARN__DUPLICATE_METHOD_MATCH = YES;
				CODE_SIGN_IDENTITY = "iPhone Developer";
				COPY_PHASE_STRIP = NO;
				DEBUG_INFORMATION_FORMAT = "dwarf-with-dsym";
				ENABLE_NS_ASSERTIONS = NO;
				ENABLE_STRICT_OBJC_MSGSEND = YES;
				GCC_C_LANGUAGE_STANDARD = gnu11;
				GCC_NO_COMMON_BLOCKS = YES;
				GCC_WARN_64_TO_32_BIT_CONVERSION = YES;
				GCC_WARN_ABOUT_RETURN_TYPE = YES_ERROR;
				GCC_WARN_UNDECLARED_SELECTOR = YES;
				GCC_WARN_UNINITIALIZED_AUTOS = YES_AGGRESSIVE;
				GCC_WARN_UNUSED_FUNCTION = YES;
				GCC_WARN_UNUSED_VARIABLE = YES;
				IPHONEOS_DEPLOYMENT_TARGET = 11.2;
				MTL_ENABLE_DEBUG_INFO = NO;
				SDKROOT = iphoneos;
				SWIFT_OPTIMIZATION_LEVEL = "-Owholemodule";
				VALIDATE_PRODUCT = YES;
			};
			name = Release;
		};
		950236542034A7C5008838D7 /* Debug */ = {
			isa = XCBuildConfiguration;
			baseConfigurationReference = E383B708D0436716A33EB76D /* Pods-Pager-Example.debug.xcconfig */;
			buildSettings = {
				ASSETCATALOG_COMPILER_APPICON_NAME = AppIcon;
				"CODE_SIGN_IDENTITY[sdk=iphoneos*]" = "iPhone Developer";
				CODE_SIGN_STYLE = Automatic;
				DEVELOPMENT_TEAM = N44BFX62BJ;
				INFOPLIST_FILE = "Pager-Example/Info.plist";
				IPHONEOS_DEPLOYMENT_TARGET = 9.0;
				LD_RUNPATH_SEARCH_PATHS = "$(inherited) @executable_path/Frameworks";
				PRODUCT_BUNDLE_IDENTIFIER = "funambol.Pager-Example";
				PRODUCT_NAME = "$(TARGET_NAME)";
				PROVISIONING_PROFILE_SPECIFIER = "";
				SWIFT_VERSION = 4.2;
				TARGETED_DEVICE_FAMILY = "1,2";
			};
			name = Debug;
		};
		950236552034A7C5008838D7 /* Release */ = {
			isa = XCBuildConfiguration;
			baseConfigurationReference = 38CB830A3FF548324DA8018D /* Pods-Pager-Example.release.xcconfig */;
			buildSettings = {
				ASSETCATALOG_COMPILER_APPICON_NAME = AppIcon;
				"CODE_SIGN_IDENTITY[sdk=iphoneos*]" = "iPhone Developer";
				CODE_SIGN_STYLE = Automatic;
				DEVELOPMENT_TEAM = N44BFX62BJ;
				INFOPLIST_FILE = "Pager-Example/Info.plist";
				IPHONEOS_DEPLOYMENT_TARGET = 9.0;
				LD_RUNPATH_SEARCH_PATHS = "$(inherited) @executable_path/Frameworks";
				PRODUCT_BUNDLE_IDENTIFIER = "funambol.Pager-Example";
				PRODUCT_NAME = "$(TARGET_NAME)";
				PROVISIONING_PROFILE_SPECIFIER = "";
				SWIFT_VERSION = 4.2;
				TARGETED_DEVICE_FAMILY = "1,2";
			};
			name = Release;
		};
/* End XCBuildConfiguration section */

/* Begin XCConfigurationList section */
		9502363C2034A7C5008838D7 /* Build configuration list for PBXProject "Pager-Example" */ = {
			isa = XCConfigurationList;
			buildConfigurations = (
				950236512034A7C5008838D7 /* Debug */,
				950236522034A7C5008838D7 /* Release */,
			);
			defaultConfigurationIsVisible = 0;
			defaultConfigurationName = Release;
		};
		950236532034A7C5008838D7 /* Build configuration list for PBXNativeTarget "Pager-Example" */ = {
			isa = XCConfigurationList;
			buildConfigurations = (
				950236542034A7C5008838D7 /* Debug */,
				950236552034A7C5008838D7 /* Release */,
			);
			defaultConfigurationIsVisible = 0;
			defaultConfigurationName = Release;
		};
/* End XCConfigurationList section */
	};
	rootObject = 950236392034A7C5008838D7 /* Project object */;
}
